{
  "name": "legal-ai-chatbox",
  "version": "1.0.0",
  "lockfileVersion": 3,
  "requires": true,
  "packages": {
    "": {
      "name": "legal-ai-chatbox",
      "version": "1.0.0",
      "dependencies": {
        "groq-sdk": "^1.2.0",
        "marked": "^18.0.4"
      }
    },
    "node_modules/groq-sdk": {
      "version": "1.2.0",
      "resolved": "https://registry.npmjs.org/groq-sdk/-/groq-sdk-1.2.0.tgz",
      "integrity": "sha512-pMhSYXWcjiqvbOeKdv2zjci1BYjGdp04a40hnmQmJpKJyB6oa+gRndAqE128gwR0NLgYO+Wt1fIF46KNHcplsw==",
      "license": "Apache-2.0",
      "bin": {
        "groq-sdk": "bin/cli"
      }
    },
    "node_modules/marked": {
      "version": "18.0.4",
      "resolved": "https://registry.npmjs.org/marked/-/marked-18.0.4.tgz",
      "integrity": "sha512-c/BTaKzg0G6ezQx97DAkYU7k0HM6ys0FqYeKBL6hlBByZwy+ycA1+f0vDdjMHKKeEjdgkx0GOv9Il6D+85cOqA==",
      "license": "MIT",
      "bin": {
        "marked": "bin/marked.js"
      },
      "engines": {
        "node": ">= 20"
      }
    }
  }
}
